// !$*UTF8*$!
{
	archiveVersion = 1;
	classes = {
	};
	objectVersion = 46;
	objects = {

/* Begin PBXBuildFile section */
		0B1397F513136FF80022BB56 /* WordDefinitionViewController.m in Sources */ = {isa = PBXBuildFile; fileRef = 0B1397F313136FF80022BB56 /* WordDefinitionViewController.m */; };
		0B1397F613136FF80022BB56 /* WordDefinitionViewController.xib in Resources */ = {isa = PBXBuildFile; fileRef = 0B1397F413136FF80022BB56 /* WordDefinitionViewController.xib */; };
		0B6AE24C130A3E03001E4D07 /* ASIAuthenticationDialog.m in Sources */ = {isa = PBXBuildFile; fileRef = 0B6AE239130A3E03001E4D07 /* ASIAuthenticationDialog.m */; };
		0B6AE24D130A3E03001E4D07 /* ASIDataCompressor.m in Sources */ = {isa = PBXBuildFile; fileRef = 0B6AE23C130A3E03001E4D07 /* ASIDataCompressor.m */; };
		0B6AE24E130A3E03001E4D07 /* ASIDataDecompressor.m in Sources */ = {isa = PBXBuildFile; fileRef = 0B6AE23E130A3E03001E4D07 /* ASIDataDecompressor.m */; };
		0B6AE24F130A3E03001E4D07 /* ASIDownloadCache.m in Sources */ = {isa = PBXBuildFile; fileRef = 0B6AE240130A3E03001E4D07 /* ASIDownloadCache.m */; };
		0B6AE250130A3E03001E4D07 /* ASIFormDataRequest.m in Sources */ = {isa = PBXBuildFile; fileRef = 0B6AE242130A3E03001E4D07 /* ASIFormDataRequest.m */; };
		0B6AE251130A3E03001E4D07 /* ASIHTTPRequest.m in Sources */ = {isa = PBXBuildFile; fileRef = 0B6AE244130A3E03001E4D07 /* ASIHTTPRequest.m */; };
		0B6AE252130A3E03001E4D07 /* ASIInputStream.m in Sources */ = {isa = PBXBuildFile; fileRef = 0B6AE248130A3E03001E4D07 /* ASIInputStream.m */; };
		0B6AE253130A3E03001E4D07 /* ASINetworkQueue.m in Sources */ = {isa = PBXBuildFile; fileRef = 0B6AE24A130A3E03001E4D07 /* ASINetworkQueue.m */; };
		0B6AE26B130A3E3C001E4D07 /* NSObject+JSON.m in Sources */ = {isa = PBXBuildFile; fileRef = 0B6AE25A130A3E3C001E4D07 /* NSObject+JSON.m */; };
		0B6AE26C130A3E3C001E4D07 /* SBJsonParser.m in Sources */ = {isa = PBXBuildFile; fileRef = 0B6AE25C130A3E3C001E4D07 /* SBJsonParser.m */; };
		0B6AE26D130A3E3C001E4D07 /* SBJsonStreamParser.m in Sources */ = {isa = PBXBuildFile; fileRef = 0B6AE25E130A3E3C001E4D07 /* SBJsonStreamParser.m */; };
		0B6AE26E130A3E3C001E4D07 /* SBJsonStreamParserAdapter.m in Sources */ = {isa = PBXBuildFile; fileRef = 0B6AE260130A3E3C001E4D07 /* SBJsonStreamParserAdapter.m */; };
		0B6AE26F130A3E3C001E4D07 /* SBJsonStreamParserState.m in Sources */ = {isa = PBXBuildFile; fileRef = 0B6AE262130A3E3C001E4D07 /* SBJsonStreamParserState.m */; };
		0B6AE270130A3E3C001E4D07 /* SBJsonStreamWriter.m in Sources */ = {isa = PBXBuildFile; fileRef = 0B6AE264130A3E3C001E4D07 /* SBJsonStreamWriter.m */; };
		0B6AE271130A3E3C001E4D07 /* SBJsonStreamWriterState.m in Sources */ = {isa = PBXBuildFile; fileRef = 0B6AE266130A3E3C001E4D07 /* SBJsonStreamWriterState.m */; };
		0B6AE272130A3E3C001E4D07 /* SBJsonTokeniser.m in Sources */ = {isa = PBXBuildFile; fileRef = 0B6AE268130A3E3C001E4D07 /* SBJsonTokeniser.m */; };
		0B6AE273130A3E3C001E4D07 /* SBJsonWriter.m in Sources */ = {isa = PBXBuildFile; fileRef = 0B6AE26A130A3E3C001E4D07 /* SBJsonWriter.m */; };
		0B6AE276130A3E4B001E4D07 /* Reachability.m in Sources */ = {isa = PBXBuildFile; fileRef = 0B6AE275130A3E4B001E4D07 /* Reachability.m */; };
		0B6AE2BB130A3F1E001E4D07 /* CFNetwork.framework in Frameworks */ = {isa = PBXBuildFile; fileRef = 0B6AE2BA130A3F1E001E4D07 /* CFNetwork.framework */; };
		0B6AE2BD130A3F1E001E4D07 /* MobileCoreServices.framework in Frameworks */ = {isa = PBXBuildFile; fileRef = 0B6AE2BC130A3F1E001E4D07 /* MobileCoreServices.framework */; };
		0B6AE2BF130A3F1E001E4D07 /* SystemConfiguration.framework in Frameworks */ = {isa = PBXBuildFile; fileRef = 0B6AE2BE130A3F1E001E4D07 /* SystemConfiguration.framework */; };
		0B6AE2C1130A3F1F001E4D07 /* libz.1.2.3.dylib in Frameworks */ = {isa = PBXBuildFile; fileRef = 0B6AE2C0130A3F1F001E4D07 /* libz.1.2.3.dylib */; };
		0B6AE3AC130A3F74001E4D07 /* AccountService.m in Sources */ = {isa = PBXBuildFile; fileRef = 0B6AE397130A3F74001E4D07 /* AccountService.m */; };
		0B6AE3AD130A3F74001E4D07 /* ApplicationConstants.m in Sources */ = {isa = PBXBuildFile; fileRef = 0B6AE399130A3F74001E4D07 /* ApplicationConstants.m */; };
		0B6AE3AE130A3F74001E4D07 /* AuthenticationToken.m in Sources */ = {isa = PBXBuildFile; fileRef = 0B6AE39B130A3F74001E4D07 /* AuthenticationToken.m */; };
		0B6AE3AF130A3F74001E4D07 /* BaseWordnikService.m in Sources */ = {isa = PBXBuildFile; fileRef = 0B6AE39D130A3F74001E4D07 /* BaseWordnikService.m */; };
		0B6AE3B0130A3F74001E4D07 /* Definition.m in Sources */ = {isa = PBXBuildFile; fileRef = 0B6AE39F130A3F74001E4D07 /* Definition.m */; };
		0B6AE3B1130A3F74001E4D07 /* PartOfSpeech.m in Sources */ = {isa = PBXBuildFile; fileRef = 0B6AE3A1130A3F74001E4D07 /* PartOfSpeech.m */; };
		0B6AE3B2130A3F74001E4D07 /* User.m in Sources */ = {isa = PBXBuildFile; fileRef = 0B6AE3A3130A3F74001E4D07 /* User.m */; };
		0B6AE3B3130A3F74001E4D07 /* Word.m in Sources */ = {isa = PBXBuildFile; fileRef = 0B6AE3A5130A3F74001E4D07 /* Word.m */; };
		0B6AE3B4130A3F74001E4D07 /* WordList.m in Sources */ = {isa = PBXBuildFile; fileRef = 0B6AE3A7130A3F74001E4D07 /* WordList.m */; };
		0B6AE3B5130A3F74001E4D07 /* WordListService.m in Sources */ = {isa = PBXBuildFile; fileRef = 0B6AE3A9130A3F74001E4D07 /* WordListService.m */; };
		0B6AE3B6130A3F74001E4D07 /* WordService.m in Sources */ = {isa = PBXBuildFile; fileRef = 0B6AE3AB130A3F74001E4D07 /* WordService.m */; };
		0B6AE3C4130A40E3001E4D07 /* APIKeys.plist in Resources */ = {isa = PBXBuildFile; fileRef = 0B6AE3C3130A40E3001E4D07 /* APIKeys.plist */; };
		0B95D732130E33980077CA05 /* WordHistoryViewController.m in Sources */ = {isa = PBXBuildFile; fileRef = 0B95D730130E33980077CA05 /* WordHistoryViewController.m */; };
		0B95D733130E33980077CA05 /* WordHistoryViewController.xib in Resources */ = {isa = PBXBuildFile; fileRef = 0B95D731130E33980077CA05 /* WordHistoryViewController.xib */; };
		0BB195B013249E04007D441B /* Icon.png in Resources */ = {isa = PBXBuildFile; fileRef = 0BB195AD13249E04007D441B /* Icon.png */; };
		0BB195B213249E0A007D441B /* iTunesArtwork in Resources */ = {isa = PBXBuildFile; fileRef = 0BB195B113249E0A007D441B /* iTunesArtwork */; };
		0BB195CB13249FBA007D441B /* Icon@2x.png in Resources */ = {isa = PBXBuildFile; fileRef = 0BB195CA13249FBA007D441B /* Icon@2x.png */; };
		0BD954B813176C0D00286F3C /* DictionarySearchViewController.m in Sources */ = {isa = PBXBuildFile; fileRef = 0BD954B713176C0D00286F3C /* DictionarySearchViewController.m */; };
		0BD954BA13176C1700286F3C /* DictionarySearchViewController.xib in Resources */ = {isa = PBXBuildFile; fileRef = 0BD954B913176C1700286F3C /* DictionarySearchViewController.xib */; };
		0BDBC96D131C865800CF55E8 /* MBProgressHUD.m in Sources */ = {isa = PBXBuildFile; fileRef = 0BDBC96C131C865800CF55E8 /* MBProgressHUD.m */; };
		0BFC38E5132C62F6009BFAC6 /* libAdMob.a in Frameworks */ = {isa = PBXBuildFile; fileRef = 0BFC38E4132C62F6009BFAC6 /* libAdMob.a */; };
		0BFC38E7132C6521009BFAC6 /* AudioToolbox.framework in Frameworks */ = {isa = PBXBuildFile; fileRef = 0BFC38E6132C6520009BFAC6 /* AudioToolbox.framework */; };
		0BFC38EA132C653A009BFAC6 /* MediaPlayer.framework in Frameworks */ = {isa = PBXBuildFile; fileRef = 0BFC38E9132C653A009BFAC6 /* MediaPlayer.framework */; };
		0BFC38EC132C6545009BFAC6 /* MessageUI.framework in Frameworks */ = {isa = PBXBuildFile; fileRef = 0BFC38EB132C6544009BFAC6 /* MessageUI.framework */; };
		0BFC38EE132C654F009BFAC6 /* QuartzCore.framework in Frameworks */ = {isa = PBXBuildFile; fileRef = 0BFC38ED132C654F009BFAC6 /* QuartzCore.framework */; };
		0BFC3906132C66BA009BFAC6 /* CDataScanner.m in Sources */ = {isa = PBXBuildFile; fileRef = 0BFC38F1132C66BA009BFAC6 /* CDataScanner.m */; };
		0BFC3907132C66BA009BFAC6 /* CDataScanner_Extensions.m in Sources */ = {isa = PBXBuildFile; fileRef = 0BFC38F4132C66BA009BFAC6 /* CDataScanner_Extensions.m */; };
		0BFC3908132C66BA009BFAC6 /* NSCharacterSet_Extensions.m in Sources */ = {isa = PBXBuildFile; fileRef = 0BFC38F6132C66BA009BFAC6 /* NSCharacterSet_Extensions.m */; };
		0BFC3909132C66BA009BFAC6 /* NSDictionary_JSONExtensions.m in Sources */ = {isa = PBXBuildFile; fileRef = 0BFC38F8132C66BA009BFAC6 /* NSDictionary_JSONExtensions.m */; };
		0BFC390A132C66BA009BFAC6 /* NSScanner_Extensions.m in Sources */ = {isa = PBXBuildFile; fileRef = 0BFC38FA132C66BA009BFAC6 /* NSScanner_Extensions.m */; };
		0BFC390B132C66BA009BFAC6 /* CJSONDataSerializer.m in Sources */ = {isa = PBXBuildFile; fileRef = 0BFC38FD132C66BA009BFAC6 /* CJSONDataSerializer.m */; };
		0BFC390C132C66BA009BFAC6 /* CJSONDeserializer.m in Sources */ = {isa = PBXBuildFile; fileRef = 0BFC38FF132C66BA009BFAC6 /* CJSONDeserializer.m */; };
		0BFC390D132C66BA009BFAC6 /* CJSONScanner.m in Sources */ = {isa = PBXBuildFile; fileRef = 0BFC3901132C66BA009BFAC6 /* CJSONScanner.m */; };
		0BFC390E132C66BA009BFAC6 /* CJSONSerializer.m in Sources */ = {isa = PBXBuildFile; fileRef = 0BFC3903132C66BA009BFAC6 /* CJSONSerializer.m */; };
		0BFC390F132C66BA009BFAC6 /* CSerializedJSONData.m in Sources */ = {isa = PBXBuildFile; fileRef = 0BFC3905132C66BA009BFAC6 /* CSerializedJSONData.m */; };
		0BFC3913132C6B30009BFAC6 /* AdViewController.m in Sources */ = {isa = PBXBuildFile; fileRef = 0BFC3912132C6B30009BFAC6 /* AdViewController.m */; };
		0BFC3926132C7E70009BFAC6 /* asi-http-request LICENSE in Resources */ = {isa = PBXBuildFile; fileRef = 0BFC3925132C7E70009BFAC6 /* asi-http-request LICENSE */; };
		0BFC392A132C7EB0009BFAC6 /* JSON LICENSE in Resources */ = {isa = PBXBuildFile; fileRef = 0BFC3929132C7EB0009BFAC6 /* JSON LICENSE */; };
		0BFC392D132C81D5009BFAC6 /* book.png in Resources */ = {isa = PBXBuildFile; fileRef = 0BFC392B132C81D5009BFAC6 /* book.png */; };
		0BFC3930132C8311009BFAC6 /* book@2x.png in Resources */ = {isa = PBXBuildFile; fileRef = 0BFC392F132C8311009BFAC6 /* book@2x.png */; };
		0BFC3935132C83D7009BFAC6 /* notepad.png in Resources */ = {isa = PBXBuildFile; fileRef = 0BFC3933132C83D7009BFAC6 /* notepad.png */; };
		0BFC3936132C83D7009BFAC6 /* notepad@2x.png in Resources */ = {isa = PBXBuildFile; fileRef = 0BFC3934132C83D7009BFAC6 /* notepad@2x.png */; };
		1D3623260D0F684500981E51 /* BetterDictionaryAppDelegate.m in Sources */ = {isa = PBXBuildFile; fileRef = 1D3623250D0F684500981E51 /* BetterDictionaryAppDelegate.m */; };
		1D60589B0D05DD56006BFB54 /* main.m in Sources */ = {isa = PBXBuildFile; fileRef = 29B97316FDCFA39411CA2CEA /* main.m */; };
		1D60589F0D05DD5A006BFB54 /* Foundation.framework in Frameworks */ = {isa = PBXBuildFile; fileRef = 1D30AB110D05D00D00671497 /* Foundation.framework */; };
		1DF5F4E00D08C38300B7A737 /* UIKit.framework in Frameworks */ = {isa = PBXBuildFile; fileRef = 1DF5F4DF0D08C38300B7A737 /* UIKit.framework */; };
		28193060112F816700ECF9B4 /* BetterDictionary.xcdatamodeld in Sources */ = {isa = PBXBuildFile; fileRef = 2819305F112F816700ECF9B4 /* BetterDictionary.xcdatamodeld */; };
		288765A50DF7441C002DB57D /* CoreGraphics.framework in Frameworks */ = {isa = PBXBuildFile; fileRef = 288765A40DF7441C002DB57D /* CoreGraphics.framework */; };
		28AD733F0D9D9553002E5188 /* MainWindow.xib in Resources */ = {isa = PBXBuildFile; fileRef = 28AD733E0D9D9553002E5188 /* MainWindow.xib */; };
		28D801B40F44B63D00FB423F /* CoreData.framework in Frameworks */ = {isa = PBXBuildFile; fileRef = 28D801B30F44B63D00FB423F /* CoreData.framework */; };
/* End PBXBuildFile section */

/* Begin PBXFileReference section */
		0B1397F213136FF80022BB56 /* WordDefinitionViewController.h */ = {isa = PBXFileReference; fileEncoding = 4; lastKnownFileType = sourcecode.c.h; path = WordDefinitionViewController.h; sourceTree = "<group>"; };
		0B1397F313136FF80022BB56 /* WordDefinitionViewController.m */ = {isa = PBXFileReference; fileEncoding = 4; lastKnownFileType = sourcecode.c.objc; path = WordDefinitionViewController.m; sourceTree = "<group>"; };
		0B1397F413136FF80022BB56 /* WordDefinitionViewController.xib */ = {isa = PBXFileReference; lastKnownFileType = file.xib; name = WordDefinitionViewController.xib; path = Classes/WordDefinitionViewController.xib; sourceTree = "<group>"; };
		0B6AE238130A3E03001E4D07 /* ASIAuthenticationDialog.h */ = {isa = PBXFileReference; fileEncoding = 4; lastKnownFileType = sourcecode.c.h; name = ASIAuthenticationDialog.h; path = "External/asi-http-request/Classes/ASIAuthenticationDialog.h"; sourceTree = SOURCE_ROOT; };
		0B6AE239130A3E03001E4D07 /* ASIAuthenticationDialog.m */ = {isa = PBXFileReference; fileEncoding = 4; lastKnownFileType = sourcecode.c.objc; name = ASIAuthenticationDialog.m; path = "External/asi-http-request/Classes/ASIAuthenticationDialog.m"; sourceTree = SOURCE_ROOT; };
		0B6AE23A130A3E03001E4D07 /* ASICacheDelegate.h */ = {isa = PBXFileReference; fileEncoding = 4; lastKnownFileType = sourcecode.c.h; name = ASICacheDelegate.h; path = "External/asi-http-request/Classes/ASICacheDelegate.h"; sourceTree = SOURCE_ROOT; };
		0B6AE23B130A3E03001E4D07 /* ASIDataCompressor.h */ = {isa = PBXFileReference; fileEncoding = 4; lastKnownFileType = sourcecode.c.h; name = ASIDataCompressor.h; path = "External/asi-http-request/Classes/ASIDataCompressor.h"; sourceTree = SOURCE_ROOT; };
		0B6AE23C130A3E03001E4D07 /* ASIDataCompressor.m */ = {isa = PBXFileReference; fileEncoding = 4; lastKnownFileType = sourcecode.c.objc; name = ASIDataCompressor.m; path = "External/asi-http-request/Classes/ASIDataCompressor.m"; sourceTree = SOURCE_ROOT; };
		0B6AE23D130A3E03001E4D07 /* ASIDataDecompressor.h */ = {isa = PBXFileReference; fileEncoding = 4; lastKnownFileType = sourcecode.c.h; name = ASIDataDecompressor.h; path = "External/asi-http-request/Classes/ASIDataDecompressor.h"; sourceTree = SOURCE_ROOT; };
		0B6AE23E130A3E03001E4D07 /* ASIDataDecompressor.m */ = {isa = PBXFileReference; fileEncoding = 4; lastKnownFileType = sourcecode.c.objc; name = ASIDataDecompressor.m; path = "External/asi-http-request/Classes/ASIDataDecompressor.m"; sourceTree = SOURCE_ROOT; };
		0B6AE23F130A3E03001E4D07 /* ASIDownloadCache.h */ = {isa = PBXFileReference; fileEncoding = 4; lastKnownFileType = sourcecode.c.h; name = ASIDownloadCache.h; path = "External/asi-http-request/Classes/ASIDownloadCache.h"; sourceTree = SOURCE_ROOT; };
		0B6AE240130A3E03001E4D07 /* ASIDownloadCache.m */ = {isa = PBXFileReference; fileEncoding = 4; lastKnownFileType = sourcecode.c.objc; name = ASIDownloadCache.m; path = "External/asi-http-request/Classes/ASIDownloadCache.m"; sourceTree = SOURCE_ROOT; };
		0B6AE241130A3E03001E4D07 /* ASIFormDataRequest.h */ = {isa = PBXFileReference; fileEncoding = 4; lastKnownFileType = sourcecode.c.h; name = ASIFormDataRequest.h; path = "External/asi-http-request/Classes/ASIFormDataRequest.h"; sourceTree = SOURCE_ROOT; };
		0B6AE242130A3E03001E4D07 /* ASIFormDataRequest.m */ = {isa = PBXFileReference; fileEncoding = 4; lastKnownFileType = sourcecode.c.objc; name = ASIFormDataRequest.m; path = "External/asi-http-request/Classes/ASIFormDataRequest.m"; sourceTree = SOURCE_ROOT; };
		0B6AE243130A3E03001E4D07 /* ASIHTTPRequest.h */ = {isa = PBXFileReference; fileEncoding = 4; lastKnownFileType = sourcecode.c.h; name = ASIHTTPRequest.h; path = "External/asi-http-request/Classes/ASIHTTPRequest.h"; sourceTree = SOURCE_ROOT; };
		0B6AE244130A3E03001E4D07 /* ASIHTTPRequest.m */ = {isa = PBXFileReference; fileEncoding = 4; lastKnownFileType = sourcecode.c.objc; name = ASIHTTPRequest.m; path = "External/asi-http-request/Classes/ASIHTTPRequest.m"; sourceTree = SOURCE_ROOT; };
		0B6AE245130A3E03001E4D07 /* ASIHTTPRequestConfig.h */ = {isa = PBXFileReference; fileEncoding = 4; lastKnownFileType = sourcecode.c.h; name = ASIHTTPRequestConfig.h; path = "External/asi-http-request/Classes/ASIHTTPRequestConfig.h"; sourceTree = SOURCE_ROOT; };
		0B6AE246130A3E03001E4D07 /* ASIHTTPRequestDelegate.h */ = {isa = PBXFileReference; fileEncoding = 4; lastKnownFileType = sourcecode.c.h; name = ASIHTTPRequestDelegate.h; path = "External/asi-http-request/Classes/ASIHTTPRequestDelegate.h"; sourceTree = SOURCE_ROOT; };
		0B6AE247130A3E03001E4D07 /* ASIInputStream.h */ = {isa = PBXFileReference; fileEncoding = 4; lastKnownFileType = sourcecode.c.h; name = ASIInputStream.h; path = "External/asi-http-request/Classes/ASIInputStream.h"; sourceTree = SOURCE_ROOT; };
		0B6AE248130A3E03001E4D07 /* ASIInputStream.m */ = {isa = PBXFileReference; fileEncoding = 4; lastKnownFileType = sourcecode.c.objc; name = ASIInputStream.m; path = "External/asi-http-request/Classes/ASIInputStream.m"; sourceTree = SOURCE_ROOT; };
		0B6AE249130A3E03001E4D07 /* ASINetworkQueue.h */ = {isa = PBXFileReference; fileEncoding = 4; lastKnownFileType = sourcecode.c.h; name = ASINetworkQueue.h; path = "External/asi-http-request/Classes/ASINetworkQueue.h"; sourceTree = SOURCE_ROOT; };
		0B6AE24A130A3E03001E4D07 /* ASINetworkQueue.m */ = {isa = PBXFileReference; fileEncoding = 4; lastKnownFileType = sourcecode.c.objc; name = ASINetworkQueue.m; path = "External/asi-http-request/Classes/ASINetworkQueue.m"; sourceTree = SOURCE_ROOT; };
		0B6AE24B130A3E03001E4D07 /* ASIProgressDelegate.h */ = {isa = PBXFileReference; fileEncoding = 4; lastKnownFileType = sourcecode.c.h; name = ASIProgressDelegate.h; path = "External/asi-http-request/Classes/ASIProgressDelegate.h"; sourceTree = SOURCE_ROOT; };
		0B6AE258130A3E3C001E4D07 /* JSON.h */ = {isa = PBXFileReference; fileEncoding = 4; lastKnownFileType = sourcecode.c.h; name = JSON.h; path = "External/json-framework/Classes/JSON.h"; sourceTree = SOURCE_ROOT; };
		0B6AE259130A3E3C001E4D07 /* NSObject+JSON.h */ = {isa = PBXFileReference; fileEncoding = 4; lastKnownFileType = sourcecode.c.h; name = "NSObject+JSON.h"; path = "External/json-framework/Classes/NSObject+JSON.h"; sourceTree = SOURCE_ROOT; };
		0B6AE25A130A3E3C001E4D07 /* NSObject+JSON.m */ = {isa = PBXFileReference; fileEncoding = 4; lastKnownFileType = sourcecode.c.objc; name = "NSObject+JSON.m"; path = "External/json-framework/Classes/NSObject+JSON.m"; sourceTree = SOURCE_ROOT; };
		0B6AE25B130A3E3C001E4D07 /* SBJsonParser.h */ = {isa = PBXFileReference; fileEncoding = 4; lastKnownFileType = sourcecode.c.h; name = SBJsonParser.h; path = "External/json-framework/Classes/SBJsonParser.h"; sourceTree = SOURCE_ROOT; };
		0B6AE25C130A3E3C001E4D07 /* SBJsonParser.m */ = {isa = PBXFileReference; fileEncoding = 4; lastKnownFileType = sourcecode.c.objc; name = SBJsonParser.m; path = "External/json-framework/Classes/SBJsonParser.m"; sourceTree = SOURCE_ROOT; };
		0B6AE25D130A3E3C001E4D07 /* SBJsonStreamParser.h */ = {isa = PBXFileReference; fileEncoding = 4; lastKnownFileType = sourcecode.c.h; name = SBJsonStreamParser.h; path = "External/json-framework/Classes/SBJsonStreamParser.h"; sourceTree = SOURCE_ROOT; };
		0B6AE25E130A3E3C001E4D07 /* SBJsonStreamParser.m */ = {isa = PBXFileReference; fileEncoding = 4; lastKnownFileType = sourcecode.c.objc; name = SBJsonStreamParser.m; path = "External/json-framework/Classes/SBJsonStreamParser.m"; sourceTree = SOURCE_ROOT; };
		0B6AE25F130A3E3C001E4D07 /* SBJsonStreamParserAdapter.h */ = {isa = PBXFileReference; fileEncoding = 4; lastKnownFileType = sourcecode.c.h; name = SBJsonStreamParserAdapter.h; path = "External/json-framework/Classes/SBJsonStreamParserAdapter.h"; sourceTree = SOURCE_ROOT; };
		0B6AE260130A3E3C001E4D07 /* SBJsonStreamParserAdapter.m */ = {isa = PBXFileReference; fileEncoding = 4; lastKnownFileType = sourcecode.c.objc; name = SBJsonStreamParserAdapter.m; path = "External/json-framework/Classes/SBJsonStreamParserAdapter.m"; sourceTree = SOURCE_ROOT; };
		0B6AE261130A3E3C001E4D07 /* SBJsonStreamParserState.h */ = {isa = PBXFileReference; fileEncoding = 4; lastKnownFileType = sourcecode.c.h; name = SBJsonStreamParserState.h; path = "External/json-framework/Classes/SBJsonStreamParserState.h"; sourceTree = SOURCE_ROOT; };
		0B6AE262130A3E3C001E4D07 /* SBJsonStreamParserState.m */ = {isa = PBXFileReference; fileEncoding = 4; lastKnownFileType = sourcecode.c.objc; name = SBJsonStreamParserState.m; path = "External/json-framework/Classes/SBJsonStreamParserState.m"; sourceTree = SOURCE_ROOT; };
		0B6AE263130A3E3C001E4D07 /* SBJsonStreamWriter.h */ = {isa = PBXFileReference; fileEncoding = 4; lastKnownFileType = sourcecode.c.h; name = SBJsonStreamWriter.h; path = "External/json-framework/Classes/SBJsonStreamWriter.h"; sourceTree = SOURCE_ROOT; };
		0B6AE264130A3E3C001E4D07 /* SBJsonStreamWriter.m */ = {isa = PBXFileReference; fileEncoding = 4; lastKnownFileType = sourcecode.c.objc; name = SBJsonStreamWriter.m; path = "External/json-framework/Classes/SBJsonStreamWriter.m"; sourceTree = SOURCE_ROOT; };
		0B6AE265130A3E3C001E4D07 /* SBJsonStreamWriterState.h */ = {isa = PBXFileReference; fileEncoding = 4; lastKnownFileType = sourcecode.c.h; name = SBJsonStreamWriterState.h; path = "External/json-framework/Classes/SBJsonStreamWriterState.h"; sourceTree = SOURCE_ROOT; };
		0B6AE266130A3E3C001E4D07 /* SBJsonStreamWriterState.m */ = {isa = PBXFileReference; fileEncoding = 4; lastKnownFileType = sourcecode.c.objc; name = SBJsonStreamWriterState.m; path = "External/json-framework/Classes/SBJsonStreamWriterState.m"; sourceTree = SOURCE_ROOT; };
		0B6AE267130A3E3C001E4D07 /* SBJsonTokeniser.h */ = {isa = PBXFileReference; fileEncoding = 4; lastKnownFileType = sourcecode.c.h; name = SBJsonTokeniser.h; path = "External/json-framework/Classes/SBJsonTokeniser.h"; sourceTree = SOURCE_ROOT; };
		0B6AE268130A3E3C001E4D07 /* SBJsonTokeniser.m */ = {isa = PBXFileReference; fileEncoding = 4; lastKnownFileType = sourcecode.c.objc; name = SBJsonTokeniser.m; path = "External/json-framework/Classes/SBJsonTokeniser.m"; sourceTree = SOURCE_ROOT; };
		0B6AE269130A3E3C001E4D07 /* SBJsonWriter.h */ = {isa = PBXFileReference; fileEncoding = 4; lastKnownFileType = sourcecode.c.h; name = SBJsonWriter.h; path = "External/json-framework/Classes/SBJsonWriter.h"; sourceTree = SOURCE_ROOT; };
		0B6AE26A130A3E3C001E4D07 /* SBJsonWriter.m */ = {isa = PBXFileReference; fileEncoding = 4; lastKnownFileType = sourcecode.c.objc; name = SBJsonWriter.m; path = "External/json-framework/Classes/SBJsonWriter.m"; sourceTree = SOURCE_ROOT; };
		0B6AE274130A3E4B001E4D07 /* Reachability.h */ = {isa = PBXFileReference; fileEncoding = 4; lastKnownFileType = sourcecode.c.h; name = Reachability.h; path = "External/asi-http-request/External/Reachability/Reachability.h"; sourceTree = SOURCE_ROOT; };
		0B6AE275130A3E4B001E4D07 /* Reachability.m */ = {isa = PBXFileReference; fileEncoding = 4; lastKnownFileType = sourcecode.c.objc; name = Reachability.m; path = "External/asi-http-request/External/Reachability/Reachability.m"; sourceTree = SOURCE_ROOT; };
		0B6AE2BA130A3F1E001E4D07 /* CFNetwork.framework */ = {isa = PBXFileReference; lastKnownFileType = wrapper.framework; name = CFNetwork.framework; path = System/Library/Frameworks/CFNetwork.framework; sourceTree = SDKROOT; };
		0B6AE2BC130A3F1E001E4D07 /* MobileCoreServices.framework */ = {isa = PBXFileReference; lastKnownFileType = wrapper.framework; name = MobileCoreServices.framework; path = System/Library/Frameworks/MobileCoreServices.framework; sourceTree = SDKROOT; };
		0B6AE2BE130A3F1E001E4D07 /* SystemConfiguration.framework */ = {isa = PBXFileReference; lastKnownFileType = wrapper.framework; name = SystemConfiguration.framework; path = System/Library/Frameworks/SystemConfiguration.framework; sourceTree = SDKROOT; };
		0B6AE2C0130A3F1F001E4D07 /* libz.1.2.3.dylib */ = {isa = PBXFileReference; lastKnownFileType = "compiled.mach-o.dylib"; name = libz.1.2.3.dylib; path = usr/lib/libz.1.2.3.dylib; sourceTree = SDKROOT; };
		0B6AE396130A3F74001E4D07 /* AccountService.h */ = {isa = PBXFileReference; fileEncoding = 4; lastKnownFileType = sourcecode.c.h; name = AccountService.h; path = "External/wordnik-api/src/objectivec/main/wordnik/AccountService.h"; sourceTree = SOURCE_ROOT; };
		0B6AE397130A3F74001E4D07 /* AccountService.m */ = {isa = PBXFileReference; fileEncoding = 4; lastKnownFileType = sourcecode.c.objc; name = AccountService.m; path = "External/wordnik-api/src/objectivec/main/wordnik/AccountService.m"; sourceTree = SOURCE_ROOT; };
		0B6AE398130A3F74001E4D07 /* ApplicationConstants.h */ = {isa = PBXFileReference; fileEncoding = 4; lastKnownFileType = sourcecode.c.h; name = ApplicationConstants.h; path = "External/wordnik-api/src/objectivec/main/wordnik/ApplicationConstants.h"; sourceTree = SOURCE_ROOT; };
		0B6AE399130A3F74001E4D07 /* ApplicationConstants.m */ = {isa = PBXFileReference; fileEncoding = 4; lastKnownFileType = sourcecode.c.objc; name = ApplicationConstants.m; path = "External/wordnik-api/src/objectivec/main/wordnik/ApplicationConstants.m"; sourceTree = SOURCE_ROOT; };
		0B6AE39A130A3F74001E4D07 /* AuthenticationToken.h */ = {isa = PBXFileReference; fileEncoding = 4; lastKnownFileType = sourcecode.c.h; name = AuthenticationToken.h; path = "External/wordnik-api/src/objectivec/main/wordnik/AuthenticationToken.h"; sourceTree = SOURCE_ROOT; };
		0B6AE39B130A3F74001E4D07 /* AuthenticationToken.m */ = {isa = PBXFileReference; fileEncoding = 4; lastKnownFileType = sourcecode.c.objc; name = AuthenticationToken.m; path = "External/wordnik-api/src/objectivec/main/wordnik/AuthenticationToken.m"; sourceTree = SOURCE_ROOT; };
		0B6AE39C130A3F74001E4D07 /* BaseWordnikService.h */ = {isa = PBXFileReference; fileEncoding = 4; lastKnownFileType = sourcecode.c.h; name = BaseWordnikService.h; path = "External/wordnik-api/src/objectivec/main/wordnik/BaseWordnikService.h"; sourceTree = SOURCE_ROOT; };
		0B6AE39D130A3F74001E4D07 /* BaseWordnikService.m */ = {isa = PBXFileReference; fileEncoding = 4; lastKnownFileType = sourcecode.c.objc; name = BaseWordnikService.m; path = "External/wordnik-api/src/objectivec/main/wordnik/BaseWordnikService.m"; sourceTree = SOURCE_ROOT; };
		0B6AE39E130A3F74001E4D07 /* Definition.h */ = {isa = PBXFileReference; fileEncoding = 4; lastKnownFileType = sourcecode.c.h; name = Definition.h; path = "External/wordnik-api/src/objectivec/main/wordnik/Definition.h"; sourceTree = SOURCE_ROOT; };
		0B6AE39F130A3F74001E4D07 /* Definition.m */ = {isa = PBXFileReference; fileEncoding = 4; lastKnownFileType = sourcecode.c.objc; name = Definition.m; path = "External/wordnik-api/src/objectivec/main/wordnik/Definition.m"; sourceTree = SOURCE_ROOT; };
		0B6AE3A0130A3F74001E4D07 /* PartOfSpeech.h */ = {isa = PBXFileReference; fileEncoding = 4; lastKnownFileType = sourcecode.c.h; name = PartOfSpeech.h; path = "External/wordnik-api/src/objectivec/main/wordnik/PartOfSpeech.h"; sourceTree = SOURCE_ROOT; };
		0B6AE3A1130A3F74001E4D07 /* PartOfSpeech.m */ = {isa = PBXFileReference; fileEncoding = 4; lastKnownFileType = sourcecode.c.objc; name = PartOfSpeech.m; path = "External/wordnik-api/src/objectivec/main/wordnik/PartOfSpeech.m"; sourceTree = SOURCE_ROOT; };
		0B6AE3A2130A3F74001E4D07 /* User.h */ = {isa = PBXFileReference; fileEncoding = 4; lastKnownFileType = sourcecode.c.h; name = User.h; path = "External/wordnik-api/src/objectivec/main/wordnik/User.h"; sourceTree = SOURCE_ROOT; };
		0B6AE3A3130A3F74001E4D07 /* User.m */ = {isa = PBXFileReference; fileEncoding = 4; lastKnownFileType = sourcecode.c.objc; name = User.m; path = "External/wordnik-api/src/objectivec/main/wordnik/User.m"; sourceTree = SOURCE_ROOT; };
		0B6AE3A4130A3F74001E4D07 /* Word.h */ = {isa = PBXFileReference; fileEncoding = 4; lastKnownFileType = sourcecode.c.h; name = Word.h; path = "External/wordnik-api/src/objectivec/main/wordnik/Word.h"; sourceTree = SOURCE_ROOT; };
		0B6AE3A5130A3F74001E4D07 /* Word.m */ = {isa = PBXFileReference; fileEncoding = 4; lastKnownFileType = sourcecode.c.objc; name = Word.m; path = "External/wordnik-api/src/objectivec/main/wordnik/Word.m"; sourceTree = SOURCE_ROOT; };
		0B6AE3A6130A3F74001E4D07 /* WordList.h */ = {isa = PBXFileReference; fileEncoding = 4; lastKnownFileType = sourcecode.c.h; name = WordList.h; path = "External/wordnik-api/src/objectivec/main/wordnik/WordList.h"; sourceTree = SOURCE_ROOT; };
		0B6AE3A7130A3F74001E4D07 /* WordList.m */ = {isa = PBXFileReference; fileEncoding = 4; lastKnownFileType = sourcecode.c.objc; name = WordList.m; path = "External/wordnik-api/src/objectivec/main/wordnik/WordList.m"; sourceTree = SOURCE_ROOT; };
		0B6AE3A8130A3F74001E4D07 /* WordListService.h */ = {isa = PBXFileReference; fileEncoding = 4; lastKnownFileType = sourcecode.c.h; name = WordListService.h; path = "External/wordnik-api/src/objectivec/main/wordnik/WordListService.h"; sourceTree = SOURCE_ROOT; };
		0B6AE3A9130A3F74001E4D07 /* WordListService.m */ = {isa = PBXFileReference; fileEncoding = 4; lastKnownFileType = sourcecode.c.objc; name = WordListService.m; path = "External/wordnik-api/src/objectivec/main/wordnik/WordListService.m"; sourceTree = SOURCE_ROOT; };
		0B6AE3AA130A3F74001E4D07 /* WordService.h */ = {isa = PBXFileReference; fileEncoding = 4; lastKnownFileType = sourcecode.c.h; name = WordService.h; path = "External/wordnik-api/src/objectivec/main/wordnik/WordService.h"; sourceTree = SOURCE_ROOT; };
		0B6AE3AB130A3F74001E4D07 /* WordService.m */ = {isa = PBXFileReference; fileEncoding = 4; lastKnownFileType = sourcecode.c.objc; name = WordService.m; path = "External/wordnik-api/src/objectivec/main/wordnik/WordService.m"; sourceTree = SOURCE_ROOT; };
		0B6AE3C3130A40E3001E4D07 /* APIKeys.plist */ = {isa = PBXFileReference; fileEncoding = 4; lastKnownFileType = text.plist.xml; path = APIKeys.plist; sourceTree = "<group>"; };
		0B95D72F130E33980077CA05 /* WordHistoryViewController.h */ = {isa = PBXFileReference; fileEncoding = 4; lastKnownFileType = sourcecode.c.h; path = WordHistoryViewController.h; sourceTree = "<group>"; };
		0B95D730130E33980077CA05 /* WordHistoryViewController.m */ = {isa = PBXFileReference; fileEncoding = 4; lastKnownFileType = sourcecode.c.objc; path = WordHistoryViewController.m; sourceTree = "<group>"; };
		0B95D731130E33980077CA05 /* WordHistoryViewController.xib */ = {isa = PBXFileReference; lastKnownFileType = file.xib; name = WordHistoryViewController.xib; path = Classes/WordHistoryViewController.xib; sourceTree = "<group>"; };
		0BB195AD13249E04007D441B /* Icon.png */ = {isa = PBXFileReference; lastKnownFileType = image.png; name = Icon.png; path = Images/Icons/Icon.png; sourceTree = "<group>"; };
		0BB195B113249E0A007D441B /* iTunesArtwork */ = {isa = PBXFileReference; lastKnownFileType = file; name = iTunesArtwork; path = Images/Icons/iTunesArtwork; sourceTree = "<group>"; };
		0BB195CA13249FBA007D441B /* Icon@2x.png */ = {isa = PBXFileReference; lastKnownFileType = image.png; name = "Icon@2x.png"; path = "Images/Icons/Icon@2x.png"; sourceTree = "<group>"; };
		0BD954B613176C0D00286F3C /* DictionarySearchViewController.h */ = {isa = PBXFileReference; fileEncoding = 4; lastKnownFileType = sourcecode.c.h; path = DictionarySearchViewController.h; sourceTree = "<group>"; };
		0BD954B713176C0D00286F3C /* DictionarySearchViewController.m */ = {isa = PBXFileReference; fileEncoding = 4; lastKnownFileType = sourcecode.c.objc; path = DictionarySearchViewController.m; sourceTree = "<group>"; };
		0BD954B913176C1700286F3C /* DictionarySearchViewController.xib */ = {isa = PBXFileReference; lastKnownFileType = file.xib; name = DictionarySearchViewController.xib; path = Classes/DictionarySearchViewController.xib; sourceTree = "<group>"; };
		0BDBC96B131C865800CF55E8 /* MBProgressHUD.h */ = {isa = PBXFileReference; fileEncoding = 4; lastKnownFileType = sourcecode.c.h; name = MBProgressHUD.h; path = "External/progress-hud/MBProgressHUD.h"; sourceTree = SOURCE_ROOT; };
		0BDBC96C131C865800CF55E8 /* MBProgressHUD.m */ = {isa = PBXFileReference; fileEncoding = 4; lastKnownFileType = sourcecode.c.objc; name = MBProgressHUD.m; path = "External/progress-hud/MBProgressHUD.m"; sourceTree = SOURCE_ROOT; };
		0BFC38E0132C3556009BFAC6 /* BetterDictionaryConstants.h */ = {isa = PBXFileReference; fileEncoding = 4; lastKnownFileType = sourcecode.c.h; path = BetterDictionaryConstants.h; sourceTree = "<group>"; };
		0BFC38E2132C62F6009BFAC6 /* AdMobDelegateProtocol.h */ = {isa = PBXFileReference; fileEncoding = 4; lastKnownFileType = sourcecode.c.h; name = AdMobDelegateProtocol.h; path = External/admob/AdMobDelegateProtocol.h; sourceTree = SOURCE_ROOT; };
		0BFC38E3132C62F6009BFAC6 /* AdMobView.h */ = {isa = PBXFileReference; fileEncoding = 4; lastKnownFileType = sourcecode.c.h; name = AdMobView.h; path = External/admob/AdMobView.h; sourceTree = SOURCE_ROOT; };
		0BFC38E4132C62F6009BFAC6 /* libAdMob.a */ = {isa = PBXFileReference; lastKnownFileType = archive.ar; name = libAdMob.a; path = External/admob/libAdMob.a; sourceTree = SOURCE_ROOT; };
		0BFC38E6132C6520009BFAC6 /* AudioToolbox.framework */ = {isa = PBXFileReference; lastKnownFileType = wrapper.framework; name = AudioToolbox.framework; path = System/Library/Frameworks/AudioToolbox.framework; sourceTree = SDKROOT; };
		0BFC38E9132C653A009BFAC6 /* MediaPlayer.framework */ = {isa = PBXFileReference; lastKnownFileType = wrapper.framework; name = MediaPlayer.framework; path = System/Library/Frameworks/MediaPlayer.framework; sourceTree = SDKROOT; };
		0BFC38EB132C6544009BFAC6 /* MessageUI.framework */ = {isa = PBXFileReference; lastKnownFileType = wrapper.framework; name = MessageUI.framework; path = System/Library/Frameworks/MessageUI.framework; sourceTree = SDKROOT; };
		0BFC38ED132C654F009BFAC6 /* QuartzCore.framework */ = {isa = PBXFileReference; lastKnownFileType = wrapper.framework; name = QuartzCore.framework; path = System/Library/Frameworks/QuartzCore.framework; sourceTree = SDKROOT; };
		0BFC38F0132C66BA009BFAC6 /* CDataScanner.h */ = {isa = PBXFileReference; fileEncoding = 4; lastKnownFileType = sourcecode.c.h; name = CDataScanner.h; path = "External/touch-json/CDataScanner.h"; sourceTree = SOURCE_ROOT; };
		0BFC38F1132C66BA009BFAC6 /* CDataScanner.m */ = {isa = PBXFileReference; fileEncoding = 4; lastKnownFileType = sourcecode.c.objc; name = CDataScanner.m; path = "External/touch-json/CDataScanner.m"; sourceTree = SOURCE_ROOT; };
		0BFC38F3132C66BA009BFAC6 /* CDataScanner_Extensions.h */ = {isa = PBXFileReference; fileEncoding = 4; lastKnownFileType = sourcecode.c.h; path = CDataScanner_Extensions.h; sourceTree = "<group>"; };
		0BFC38F4132C66BA009BFAC6 /* CDataScanner_Extensions.m */ = {isa = PBXFileReference; fileEncoding = 4; lastKnownFileType = sourcecode.c.objc; path = CDataScanner_Extensions.m; sourceTree = "<group>"; };
		0BFC38F5132C66BA009BFAC6 /* NSCharacterSet_Extensions.h */ = {isa = PBXFileReference; fileEncoding = 4; lastKnownFileType = sourcecode.c.h; path = NSCharacterSet_Extensions.h; sourceTree = "<group>"; };
		0BFC38F6132C66BA009BFAC6 /* NSCharacterSet_Extensions.m */ = {isa = PBXFileReference; fileEncoding = 4; lastKnownFileType = sourcecode.c.objc; path = NSCharacterSet_Extensions.m; sourceTree = "<group>"; };
		0BFC38F7132C66BA009BFAC6 /* NSDictionary_JSONExtensions.h */ = {isa = PBXFileReference; fileEncoding = 4; lastKnownFileType = sourcecode.c.h; path = NSDictionary_JSONExtensions.h; sourceTree = "<group>"; };
		0BFC38F8132C66BA009BFAC6 /* NSDictionary_JSONExtensions.m */ = {isa = PBXFileReference; fileEncoding = 4; lastKnownFileType = sourcecode.c.objc; path = NSDictionary_JSONExtensions.m; sourceTree = "<group>"; };
		0BFC38F9132C66BA009BFAC6 /* NSScanner_Extensions.h */ = {isa = PBXFileReference; fileEncoding = 4; lastKnownFileType = sourcecode.c.h; path = NSScanner_Extensions.h; sourceTree = "<group>"; };
		0BFC38FA132C66BA009BFAC6 /* NSScanner_Extensions.m */ = {isa = PBXFileReference; fileEncoding = 4; lastKnownFileType = sourcecode.c.objc; path = NSScanner_Extensions.m; sourceTree = "<group>"; };
		0BFC38FC132C66BA009BFAC6 /* CJSONDataSerializer.h */ = {isa = PBXFileReference; fileEncoding = 4; lastKnownFileType = sourcecode.c.h; path = CJSONDataSerializer.h; sourceTree = "<group>"; };
		0BFC38FD132C66BA009BFAC6 /* CJSONDataSerializer.m */ = {isa = PBXFileReference; fileEncoding = 4; lastKnownFileType = sourcecode.c.objc; path = CJSONDataSerializer.m; sourceTree = "<group>"; };
		0BFC38FE132C66BA009BFAC6 /* CJSONDeserializer.h */ = {isa = PBXFileReference; fileEncoding = 4; lastKnownFileType = sourcecode.c.h; path = CJSONDeserializer.h; sourceTree = "<group>"; };
		0BFC38FF132C66BA009BFAC6 /* CJSONDeserializer.m */ = {isa = PBXFileReference; fileEncoding = 4; lastKnownFileType = sourcecode.c.objc; path = CJSONDeserializer.m; sourceTree = "<group>"; };
		0BFC3900132C66BA009BFAC6 /* CJSONScanner.h */ = {isa = PBXFileReference; fileEncoding = 4; lastKnownFileType = sourcecode.c.h; path = CJSONScanner.h; sourceTree = "<group>"; };
		0BFC3901132C66BA009BFAC6 /* CJSONScanner.m */ = {isa = PBXFileReference; fileEncoding = 4; lastKnownFileType = sourcecode.c.objc; path = CJSONScanner.m; sourceTree = "<group>"; };
		0BFC3902132C66BA009BFAC6 /* CJSONSerializer.h */ = {isa = PBXFileReference; fileEncoding = 4; lastKnownFileType = sourcecode.c.h; path = CJSONSerializer.h; sourceTree = "<group>"; };
		0BFC3903132C66BA009BFAC6 /* CJSONSerializer.m */ = {isa = PBXFileReference; fileEncoding = 4; lastKnownFileType = sourcecode.c.objc; path = CJSONSerializer.m; sourceTree = "<group>"; };
		0BFC3904132C66BA009BFAC6 /* CSerializedJSONData.h */ = {isa = PBXFileReference; fileEncoding = 4; lastKnownFileType = sourcecode.c.h; path = CSerializedJSONData.h; sourceTree = "<group>"; };
		0BFC3905132C66BA009BFAC6 /* CSerializedJSONData.m */ = {isa = PBXFileReference; fileEncoding = 4; lastKnownFileType = sourcecode.c.objc; path = CSerializedJSONData.m; sourceTree = "<group>"; };
		0BFC3911132C6B30009BFAC6 /* AdViewController.h */ = {isa = PBXFileReference; fileEncoding = 4; lastKnownFileType = sourcecode.c.h; path = AdViewController.h; sourceTree = "<group>"; };
		0BFC3912132C6B30009BFAC6 /* AdViewController.m */ = {isa = PBXFileReference; fileEncoding = 4; lastKnownFileType = sourcecode.c.objc; path = AdViewController.m; sourceTree = "<group>"; };
		0BFC3925132C7E70009BFAC6 /* asi-http-request LICENSE */ = {isa = PBXFileReference; fileEncoding = 4; lastKnownFileType = text; name = "asi-http-request LICENSE"; path = "External/asi-http-request/asi-http-request LICENSE"; sourceTree = "<group>"; };
		0BFC3929132C7EB0009BFAC6 /* JSON LICENSE */ = {isa = PBXFileReference; fileEncoding = 4; lastKnownFileType = text; name = "JSON LICENSE"; path = "External/json-framework/JSON LICENSE"; sourceTree = "<group>"; };
		0BFC392B132C81D5009BFAC6 /* book.png */ = {isa = PBXFileReference; lastKnownFileType = image.png; name = book.png; path = Images/TabBar/book.png; sourceTree = "<group>"; };
		0BFC392F132C8311009BFAC6 /* book@2x.png */ = {isa = PBXFileReference; lastKnownFileType = image.png; name = "book@2x.png"; path = "Images/TabBar/book@2x.png"; sourceTree = "<group>"; };
		0BFC3933132C83D7009BFAC6 /* notepad.png */ = {isa = PBXFileReference; lastKnownFileType = image.png; name = notepad.png; path = Images/TabBar/notepad.png; sourceTree = "<group>"; };
		0BFC3934132C83D7009BFAC6 /* notepad@2x.png */ = {isa = PBXFileReference; lastKnownFileType = image.png; name = "notepad@2x.png"; path = "Images/TabBar/notepad@2x.png"; sourceTree = "<group>"; };
		1D30AB110D05D00D00671497 /* Foundation.framework */ = {isa = PBXFileReference; lastKnownFileType = wrapper.framework; name = Foundation.framework; path = System/Library/Frameworks/Foundation.framework; sourceTree = SDKROOT; };
		1D3623240D0F684500981E51 /* BetterDictionaryAppDelegate.h */ = {isa = PBXFileReference; fileEncoding = 4; lastKnownFileType = sourcecode.c.h; path = BetterDictionaryAppDelegate.h; sourceTree = "<group>"; };
		1D3623250D0F684500981E51 /* BetterDictionaryAppDelegate.m */ = {isa = PBXFileReference; fileEncoding = 4; lastKnownFileType = sourcecode.c.objc; path = BetterDictionaryAppDelegate.m; sourceTree = "<group>"; };
		1D6058910D05DD3D006BFB54 /* studydictionary.app */ = {isa = PBXFileReference; explicitFileType = wrapper.application; includeInIndex = 0; path = studydictionary.app; sourceTree = BUILT_PRODUCTS_DIR; };
		1DF5F4DF0D08C38300B7A737 /* UIKit.framework */ = {isa = PBXFileReference; lastKnownFileType = wrapper.framework; name = UIKit.framework; path = System/Library/Frameworks/UIKit.framework; sourceTree = SDKROOT; };
		288765A40DF7441C002DB57D /* CoreGraphics.framework */ = {isa = PBXFileReference; lastKnownFileType = wrapper.framework; name = CoreGraphics.framework; path = System/Library/Frameworks/CoreGraphics.framework; sourceTree = SDKROOT; };
		28AD733E0D9D9553002E5188 /* MainWindow.xib */ = {isa = PBXFileReference; lastKnownFileType = file.xib; path = MainWindow.xib; sourceTree = "<group>"; };
		28C3AD890F43EF2300507BA6 /* BetterDictionary.xcdatamodel */ = {isa = PBXFileReference; fileEncoding = 4; lastKnownFileType = wrapper.xcdatamodel; path = BetterDictionary.xcdatamodel; sourceTree = "<group>"; };
		28D801B30F44B63D00FB423F /* CoreData.framework */ = {isa = PBXFileReference; lastKnownFileType = wrapper.framework; name = CoreData.framework; path = System/Library/Frameworks/CoreData.framework; sourceTree = SDKROOT; };
		29B97316FDCFA39411CA2CEA /* main.m */ = {isa = PBXFileReference; fileEncoding = 4; lastKnownFileType = sourcecode.c.objc; path = main.m; sourceTree = "<group>"; };
		32CA4F630368D1EE00C91783 /* BetterDictionary_Prefix.pch */ = {isa = PBXFileReference; fileEncoding = 4; lastKnownFileType = sourcecode.c.h; path = BetterDictionary_Prefix.pch; sourceTree = "<group>"; };
		8D1107310486CEB800E47090 /* BetterDictionary-Info.plist */ = {isa = PBXFileReference; fileEncoding = 4; lastKnownFileType = text.plist.xml; path = "BetterDictionary-Info.plist"; plistStructureDefinitionIdentifier = "com.apple.xcode.plist.structure-definition.iphone.info-plist"; sourceTree = "<group>"; };
/* End PBXFileReference section */

/* Begin PBXFrameworksBuildPhase section */
		1D60588F0D05DD3D006BFB54 /* Frameworks */ = {
			isa = PBXFrameworksBuildPhase;
			buildActionMask = 2147483647;
			files = (
				0BFC38EE132C654F009BFAC6 /* QuartzCore.framework in Frameworks */,
				0BFC38EC132C6545009BFAC6 /* MessageUI.framework in Frameworks */,
				0BFC38EA132C653A009BFAC6 /* MediaPlayer.framework in Frameworks */,
				288765A50DF7441C002DB57D /* CoreGraphics.framework in Frameworks */,
				0BFC38E7132C6521009BFAC6 /* AudioToolbox.framework in Frameworks */,
				1D60589F0D05DD5A006BFB54 /* Foundation.framework in Frameworks */,
				1DF5F4E00D08C38300B7A737 /* UIKit.framework in Frameworks */,
				28D801B40F44B63D00FB423F /* CoreData.framework in Frameworks */,
				0B6AE2BB130A3F1E001E4D07 /* CFNetwork.framework in Frameworks */,
				0B6AE2BD130A3F1E001E4D07 /* MobileCoreServices.framework in Frameworks */,
				0B6AE2BF130A3F1E001E4D07 /* SystemConfiguration.framework in Frameworks */,
				0B6AE2C1130A3F1F001E4D07 /* libz.1.2.3.dylib in Frameworks */,
				0BFC38E5132C62F6009BFAC6 /* libAdMob.a in Frameworks */,
			);
			runOnlyForDeploymentPostprocessing = 0;
		};
/* End PBXFrameworksBuildPhase section */

/* Begin PBXGroup section */
		080E96DDFE201D6D7F000001 /* Classes */ = {
			isa = PBXGroup;
			children = (
				0BFC38E1132C62A0009BFAC6 /* AdMob */,
				0BFC38EF132C668D009BFAC6 /* TouchJSON */,
				0B6AE228130A3DE4001E4D07 /* ASIHTTPRequest */,
				0B6AE254130A3E08001E4D07 /* JSON */,
				0BDBC966131C861E00CF55E8 /* MBProgressHUD */,
				0B6AE255130A3E18001E4D07 /* Reachability */,
				0B6AE256130A3E27001E4D07 /* WordnikAPI */,
				1D3623240D0F684500981E51 /* BetterDictionaryAppDelegate.h */,
				1D3623250D0F684500981E51 /* BetterDictionaryAppDelegate.m */,
				0BFC38E0132C3556009BFAC6 /* BetterDictionaryConstants.h */,
				0BD954B613176C0D00286F3C /* DictionarySearchViewController.h */,
				0BD954B713176C0D00286F3C /* DictionarySearchViewController.m */,
				0B1397F213136FF80022BB56 /* WordDefinitionViewController.h */,
				0B1397F313136FF80022BB56 /* WordDefinitionViewController.m */,
				0B95D72F130E33980077CA05 /* WordHistoryViewController.h */,
				0B95D730130E33980077CA05 /* WordHistoryViewController.m */,
			);
			path = Classes;
			sourceTree = "<group>";
		};
		0B1FA1F01320A77400BDE63F /* Icons */ = {
			isa = PBXGroup;
			children = (
				0BB195B113249E0A007D441B /* iTunesArtwork */,
				0BB195AD13249E04007D441B /* Icon.png */,
				0BB195CA13249FBA007D441B /* Icon@2x.png */,
			);
			name = Icons;
			sourceTree = "<group>";
		};
		0B6AE228130A3DE4001E4D07 /* ASIHTTPRequest */ = {
			isa = PBXGroup;
			children = (
				0B6AE238130A3E03001E4D07 /* ASIAuthenticationDialog.h */,
				0B6AE239130A3E03001E4D07 /* ASIAuthenticationDialog.m */,
				0B6AE23A130A3E03001E4D07 /* ASICacheDelegate.h */,
				0B6AE23B130A3E03001E4D07 /* ASIDataCompressor.h */,
				0B6AE23C130A3E03001E4D07 /* ASIDataCompressor.m */,
				0B6AE23D130A3E03001E4D07 /* ASIDataDecompressor.h */,
				0B6AE23E130A3E03001E4D07 /* ASIDataDecompressor.m */,
				0B6AE23F130A3E03001E4D07 /* ASIDownloadCache.h */,
				0B6AE240130A3E03001E4D07 /* ASIDownloadCache.m */,
				0B6AE241130A3E03001E4D07 /* ASIFormDataRequest.h */,
				0B6AE242130A3E03001E4D07 /* ASIFormDataRequest.m */,
				0B6AE243130A3E03001E4D07 /* ASIHTTPRequest.h */,
				0B6AE244130A3E03001E4D07 /* ASIHTTPRequest.m */,
				0B6AE245130A3E03001E4D07 /* ASIHTTPRequestConfig.h */,
				0B6AE246130A3E03001E4D07 /* ASIHTTPRequestDelegate.h */,
				0B6AE247130A3E03001E4D07 /* ASIInputStream.h */,
				0B6AE248130A3E03001E4D07 /* ASIInputStream.m */,
				0B6AE249130A3E03001E4D07 /* ASINetworkQueue.h */,
				0B6AE24A130A3E03001E4D07 /* ASINetworkQueue.m */,
				0B6AE24B130A3E03001E4D07 /* ASIProgressDelegate.h */,
			);
			name = ASIHTTPRequest;
			sourceTree = "<group>";
		};
		0B6AE254130A3E08001E4D07 /* JSON */ = {
			isa = PBXGroup;
			children = (
				0B6AE258130A3E3C001E4D07 /* JSON.h */,
				0B6AE259130A3E3C001E4D07 /* NSObject+JSON.h */,
				0B6AE25A130A3E3C001E4D07 /* NSObject+JSON.m */,
				0B6AE25B130A3E3C001E4D07 /* SBJsonParser.h */,
				0B6AE25C130A3E3C001E4D07 /* SBJsonParser.m */,
				0B6AE25D130A3E3C001E4D07 /* SBJsonStreamParser.h */,
				0B6AE25E130A3E3C001E4D07 /* SBJsonStreamParser.m */,
				0B6AE25F130A3E3C001E4D07 /* SBJsonStreamParserAdapter.h */,
				0B6AE260130A3E3C001E4D07 /* SBJsonStreamParserAdapter.m */,
				0B6AE261130A3E3C001E4D07 /* SBJsonStreamParserState.h */,
				0B6AE262130A3E3C001E4D07 /* SBJsonStreamParserState.m */,
				0B6AE263130A3E3C001E4D07 /* SBJsonStreamWriter.h */,
				0B6AE264130A3E3C001E4D07 /* SBJsonStreamWriter.m */,
				0B6AE265130A3E3C001E4D07 /* SBJsonStreamWriterState.h */,
				0B6AE266130A3E3C001E4D07 /* SBJsonStreamWriterState.m */,
				0B6AE267130A3E3C001E4D07 /* SBJsonTokeniser.h */,
				0B6AE268130A3E3C001E4D07 /* SBJsonTokeniser.m */,
				0B6AE269130A3E3C001E4D07 /* SBJsonWriter.h */,
				0B6AE26A130A3E3C001E4D07 /* SBJsonWriter.m */,
			);
			name = JSON;
			sourceTree = "<group>";
		};
		0B6AE255130A3E18001E4D07 /* Reachability */ = {
			isa = PBXGroup;
			children = (
				0B6AE274130A3E4B001E4D07 /* Reachability.h */,
				0B6AE275130A3E4B001E4D07 /* Reachability.m */,
			);
			name = Reachability;
			sourceTree = "<group>";
		};
		0B6AE256130A3E27001E4D07 /* WordnikAPI */ = {
			isa = PBXGroup;
			children = (
				0B6AE396130A3F74001E4D07 /* AccountService.h */,
				0B6AE397130A3F74001E4D07 /* AccountService.m */,
				0B6AE398130A3F74001E4D07 /* ApplicationConstants.h */,
				0B6AE399130A3F74001E4D07 /* ApplicationConstants.m */,
				0B6AE39A130A3F74001E4D07 /* AuthenticationToken.h */,
				0B6AE39B130A3F74001E4D07 /* AuthenticationToken.m */,
				0B6AE39C130A3F74001E4D07 /* BaseWordnikService.h */,
				0B6AE39D130A3F74001E4D07 /* BaseWordnikService.m */,
				0B6AE39E130A3F74001E4D07 /* Definition.h */,
				0B6AE39F130A3F74001E4D07 /* Definition.m */,
				0B6AE3A0130A3F74001E4D07 /* PartOfSpeech.h */,
				0B6AE3A1130A3F74001E4D07 /* PartOfSpeech.m */,
				0B6AE3A2130A3F74001E4D07 /* User.h */,
				0B6AE3A3130A3F74001E4D07 /* User.m */,
				0B6AE3A4130A3F74001E4D07 /* Word.h */,
				0B6AE3A5130A3F74001E4D07 /* Word.m */,
				0B6AE3A6130A3F74001E4D07 /* WordList.h */,
				0B6AE3A7130A3F74001E4D07 /* WordList.m */,
				0B6AE3A8130A3F74001E4D07 /* WordListService.h */,
				0B6AE3A9130A3F74001E4D07 /* WordListService.m */,
				0B6AE3AA130A3F74001E4D07 /* WordService.h */,
				0B6AE3AB130A3F74001E4D07 /* WordService.m */,
			);
			name = WordnikAPI;
			sourceTree = "<group>";
		};
		0B6AE3C1130A40C3001E4D07 /* Images */ = {
			isa = PBXGroup;
			children = (
				0B1FA1F01320A77400BDE63F /* Icons */,
				0B6AE3C2130A40CA001E4D07 /* TabBar */,
			);
			name = Images;
			sourceTree = "<group>";
		};
		0B6AE3C2130A40CA001E4D07 /* TabBar */ = {
			isa = PBXGroup;
			children = (
				0BFC392B132C81D5009BFAC6 /* book.png */,
				0BFC392F132C8311009BFAC6 /* book@2x.png */,
				0BFC3933132C83D7009BFAC6 /* notepad.png */,
				0BFC3934132C83D7009BFAC6 /* notepad@2x.png */,
			);
			name = TabBar;
			sourceTree = "<group>";
		};
		0BDBC966131C861E00CF55E8 /* MBProgressHUD */ = {
			isa = PBXGroup;
			children = (
				0BDBC96B131C865800CF55E8 /* MBProgressHUD.h */,
				0BDBC96C131C865800CF55E8 /* MBProgressHUD.m */,
			);
			name = MBProgressHUD;
			sourceTree = "<group>";
		};
		0BFC38E1132C62A0009BFAC6 /* AdMob */ = {
			isa = PBXGroup;
			children = (
				0BFC3910132C6B30009BFAC6 /* IBSupport */,
				0BFC38E2132C62F6009BFAC6 /* AdMobDelegateProtocol.h */,
				0BFC38E3132C62F6009BFAC6 /* AdMobView.h */,
				0BFC38E4132C62F6009BFAC6 /* libAdMob.a */,
			);
			name = AdMob;
			sourceTree = "<group>";
		};
		0BFC38EF132C668D009BFAC6 /* TouchJSON */ = {
			isa = PBXGroup;
			children = (
				0BFC38F0132C66BA009BFAC6 /* CDataScanner.h */,
				0BFC38F1132C66BA009BFAC6 /* CDataScanner.m */,
				0BFC38F2132C66BA009BFAC6 /* Extensions */,
				0BFC38FB132C66BA009BFAC6 /* JSON */,
			);
			name = TouchJSON;
			sourceTree = "<group>";
		};
		0BFC38F2132C66BA009BFAC6 /* Extensions */ = {
			isa = PBXGroup;
			children = (
				0BFC38F3132C66BA009BFAC6 /* CDataScanner_Extensions.h */,
				0BFC38F4132C66BA009BFAC6 /* CDataScanner_Extensions.m */,
				0BFC38F5132C66BA009BFAC6 /* NSCharacterSet_Extensions.h */,
				0BFC38F6132C66BA009BFAC6 /* NSCharacterSet_Extensions.m */,
				0BFC38F7132C66BA009BFAC6 /* NSDictionary_JSONExtensions.h */,
				0BFC38F8132C66BA009BFAC6 /* NSDictionary_JSONExtensions.m */,
				0BFC38F9132C66BA009BFAC6 /* NSScanner_Extensions.h */,
				0BFC38FA132C66BA009BFAC6 /* NSScanner_Extensions.m */,
			);
			name = Extensions;
			path = "External/touch-json/Extensions";
			sourceTree = SOURCE_ROOT;
		};
		0BFC38FB132C66BA009BFAC6 /* JSON */ = {
			isa = PBXGroup;
			children = (
				0BFC38FC132C66BA009BFAC6 /* CJSONDataSerializer.h */,
				0BFC38FD132C66BA009BFAC6 /* CJSONDataSerializer.m */,
				0BFC38FE132C66BA009BFAC6 /* CJSONDeserializer.h */,
				0BFC38FF132C66BA009BFAC6 /* CJSONDeserializer.m */,
				0BFC3900132C66BA009BFAC6 /* CJSONScanner.h */,
				0BFC3901132C66BA009BFAC6 /* CJSONScanner.m */,
				0BFC3902132C66BA009BFAC6 /* CJSONSerializer.h */,
				0BFC3903132C66BA009BFAC6 /* CJSONSerializer.m */,
				0BFC3904132C66BA009BFAC6 /* CSerializedJSONData.h */,
				0BFC3905132C66BA009BFAC6 /* CSerializedJSONData.m */,
			);
			name = JSON;
			path = "External/touch-json/JSON";
			sourceTree = SOURCE_ROOT;
		};
		0BFC3910132C6B30009BFAC6 /* IBSupport */ = {
			isa = PBXGroup;
			children = (
				0BFC3911132C6B30009BFAC6 /* AdViewController.h */,
				0BFC3912132C6B30009BFAC6 /* AdViewController.m */,
			);
			name = IBSupport;
			path = External/admob/IBSupport;
			sourceTree = SOURCE_ROOT;
		};
		0BFC3924132C7E20009BFAC6 /* Licenses */ = {
			isa = PBXGroup;
			children = (
				0BFC3925132C7E70009BFAC6 /* asi-http-request LICENSE */,
				0BFC3929132C7EB0009BFAC6 /* JSON LICENSE */,
			);
			name = Licenses;
			sourceTree = "<group>";
		};
		19C28FACFE9D520D11CA2CBB /* Products */ = {
			isa = PBXGroup;
			children = (
				1D6058910D05DD3D006BFB54 /* studydictionary.app */,
			);
			name = Products;
			sourceTree = "<group>";
		};
		29B97314FDCFA39411CA2CEA /* CustomTemplate */ = {
			isa = PBXGroup;
			children = (
				080E96DDFE201D6D7F000001 /* Classes */,
				29B97315FDCFA39411CA2CEA /* Other Sources */,
				29B97317FDCFA39411CA2CEA /* Resources */,
				29B97323FDCFA39411CA2CEA /* Frameworks */,
				19C28FACFE9D520D11CA2CBB /* Products */,
			);
			name = CustomTemplate;
			sourceTree = "<group>";
		};
		29B97315FDCFA39411CA2CEA /* Other Sources */ = {
			isa = PBXGroup;
			children = (
				32CA4F630368D1EE00C91783 /* BetterDictionary_Prefix.pch */,
				29B97316FDCFA39411CA2CEA /* main.m */,
			);
			name = "Other Sources";
			sourceTree = "<group>";
		};
		29B97317FDCFA39411CA2CEA /* Resources */ = {
			isa = PBXGroup;
			children = (
				0B6AE3C1130A40C3001E4D07 /* Images */,
				0BFC3924132C7E20009BFAC6 /* Licenses */,
				0B6AE3C3130A40E3001E4D07 /* APIKeys.plist */,
				8D1107310486CEB800E47090 /* BetterDictionary-Info.plist */,
				2819305F112F816700ECF9B4 /* BetterDictionary.xcdatamodeld */,
				0BD954B913176C1700286F3C /* DictionarySearchViewController.xib */,
				28AD733E0D9D9553002E5188 /* MainWindow.xib */,
				0B1397F413136FF80022BB56 /* WordDefinitionViewController.xib */,
				0B95D731130E33980077CA05 /* WordHistoryViewController.xib */,
			);
			name = Resources;
			sourceTree = "<group>";
		};
		29B97323FDCFA39411CA2CEA /* Frameworks */ = {
			isa = PBXGroup;
			children = (
				0BFC38E6132C6520009BFAC6 /* AudioToolbox.framework */,
				0B6AE2BA130A3F1E001E4D07 /* CFNetwork.framework */,
				28D801B30F44B63D00FB423F /* CoreData.framework */,
				288765A40DF7441C002DB57D /* CoreGraphics.framework */,
				1D30AB110D05D00D00671497 /* Foundation.framework */,
				0B6AE2C0130A3F1F001E4D07 /* libz.1.2.3.dylib */,
				0BFC38E9132C653A009BFAC6 /* MediaPlayer.framework */,
				0BFC38EB132C6544009BFAC6 /* MessageUI.framework */,
				0B6AE2BC130A3F1E001E4D07 /* MobileCoreServices.framework */,
				0BFC38ED132C654F009BFAC6 /* QuartzCore.framework */,
				0B6AE2BE130A3F1E001E4D07 /* SystemConfiguration.framework */,
				1DF5F4DF0D08C38300B7A737 /* UIKit.framework */,
			);
			name = Frameworks;
			sourceTree = "<group>";
		};
/* End PBXGroup section */

/* Begin PBXNativeTarget section */
		1D6058900D05DD3D006BFB54 /* BetterDictionary */ = {
			isa = PBXNativeTarget;
			buildConfigurationList = 1D6058960D05DD3E006BFB54 /* Build configuration list for PBXNativeTarget "BetterDictionary" */;
			buildPhases = (
				1D60588D0D05DD3D006BFB54 /* Resources */,
				1D60588E0D05DD3D006BFB54 /* Sources */,
				1D60588F0D05DD3D006BFB54 /* Frameworks */,
			);
			buildRules = (
			);
			dependencies = (
			);
			name = BetterDictionary;
			productName = BetterDictionary;
			productReference = 1D6058910D05DD3D006BFB54 /* studydictionary.app */;
			productType = "com.apple.product-type.application";
		};
/* End PBXNativeTarget section */

/* Begin PBXProject section */
		29B97313FDCFA39411CA2CEA /* Project object */ = {
			isa = PBXProject;
			attributes = {
				ORGANIZATIONNAME = "Weinert Works";
			};
			buildConfigurationList = C01FCF4E08A954540054247B /* Build configuration list for PBXProject "BetterDictionary" */;
			compatibilityVersion = "Xcode 3.2";
			developmentRegion = English;
			hasScannedForEncodings = 1;
			knownRegions = (
				English,
				Japanese,
				French,
				German,
			);
			mainGroup = 29B97314FDCFA39411CA2CEA /* CustomTemplate */;
			projectDirPath = "";
			projectRoot = "";
			targets = (
				1D6058900D05DD3D006BFB54 /* BetterDictionary */,
			);
		};
/* End PBXProject section */

/* Begin PBXResourcesBuildPhase section */
		1D60588D0D05DD3D006BFB54 /* Resources */ = {
			isa = PBXResourcesBuildPhase;
			buildActionMask = 2147483647;
			files = (
				28AD733F0D9D9553002E5188 /* MainWindow.xib in Resources */,
				0B6AE3C4130A40E3001E4D07 /* APIKeys.plist in Resources */,
				0B95D733130E33980077CA05 /* WordHistoryViewController.xib in Resources */,
				0B1397F613136FF80022BB56 /* WordDefinitionViewController.xib in Resources */,
				0BD954BA13176C1700286F3C /* DictionarySearchViewController.xib in Resources */,
				0BB195B013249E04007D441B /* Icon.png in Resources */,
				0BB195B213249E0A007D441B /* iTunesArtwork in Resources */,
				0BB195CB13249FBA007D441B /* Icon@2x.png in Resources */,
				0BFC3926132C7E70009BFAC6 /* asi-http-request LICENSE in Resources */,
				0BFC392A132C7EB0009BFAC6 /* JSON LICENSE in Resources */,
				0BFC392D132C81D5009BFAC6 /* book.png in Resources */,
				0BFC3930132C8311009BFAC6 /* book@2x.png in Resources */,
				0BFC3935132C83D7009BFAC6 /* notepad.png in Resources */,
				0BFC3936132C83D7009BFAC6 /* notepad@2x.png in Resources */,
			);
			runOnlyForDeploymentPostprocessing = 0;
		};
/* End PBXResourcesBuildPhase section */

/* Begin PBXSourcesBuildPhase section */
		1D60588E0D05DD3D006BFB54 /* Sources */ = {
			isa = PBXSourcesBuildPhase;
			buildActionMask = 2147483647;
			files = (
				1D60589B0D05DD56006BFB54 /* main.m in Sources */,
				1D3623260D0F684500981E51 /* BetterDictionaryAppDelegate.m in Sources */,
				28193060112F816700ECF9B4 /* BetterDictionary.xcdatamodeld in Sources */,
				0B6AE24C130A3E03001E4D07 /* ASIAuthenticationDialog.m in Sources */,
				0B6AE24D130A3E03001E4D07 /* ASIDataCompressor.m in Sources */,
				0B6AE24E130A3E03001E4D07 /* ASIDataDecompressor.m in Sources */,
				0B6AE24F130A3E03001E4D07 /* ASIDownloadCache.m in Sources */,
				0B6AE250130A3E03001E4D07 /* ASIFormDataRequest.m in Sources */,
				0B6AE251130A3E03001E4D07 /* ASIHTTPRequest.m in Sources */,
				0B6AE252130A3E03001E4D07 /* ASIInputStream.m in Sources */,
				0B6AE253130A3E03001E4D07 /* ASINetworkQueue.m in Sources */,
				0B6AE26B130A3E3C001E4D07 /* NSObject+JSON.m in Sources */,
				0B6AE26C130A3E3C001E4D07 /* SBJsonParser.m in Sources */,
				0B6AE26D130A3E3C001E4D07 /* SBJsonStreamParser.m in Sources */,
				0B6AE26E130A3E3C001E4D07 /* SBJsonStreamParserAdapter.m in Sources */,
				0B6AE26F130A3E3C001E4D07 /* SBJsonStreamParserState.m in Sources */,
				0B6AE270130A3E3C001E4D07 /* SBJsonStreamWriter.m in Sources */,
				0B6AE271130A3E3C001E4D07 /* SBJsonStreamWriterState.m in Sources */,
				0B6AE272130A3E3C001E4D07 /* SBJsonTokeniser.m in Sources */,
				0B6AE273130A3E3C001E4D07 /* SBJsonWriter.m in Sources */,
				0B6AE276130A3E4B001E4D07 /* Reachability.m in Sources */,
				0B6AE3AC130A3F74001E4D07 /* AccountService.m in Sources */,
				0B6AE3AD130A3F74001E4D07 /* ApplicationConstants.m in Sources */,
				0B6AE3AE130A3F74001E4D07 /* AuthenticationToken.m in Sources */,
				0B6AE3AF130A3F74001E4D07 /* BaseWordnikService.m in Sources */,
				0B6AE3B0130A3F74001E4D07 /* Definition.m in Sources */,
				0B6AE3B1130A3F74001E4D07 /* PartOfSpeech.m in Sources */,
				0B6AE3B2130A3F74001E4D07 /* User.m in Sources */,
				0B6AE3B3130A3F74001E4D07 /* Word.m in Sources */,
				0B6AE3B4130A3F74001E4D07 /* WordList.m in Sources */,
				0B6AE3B5130A3F74001E4D07 /* WordListService.m in Sources */,
				0B6AE3B6130A3F74001E4D07 /* WordService.m in Sources */,
				0B95D732130E33980077CA05 /* WordHistoryViewController.m in Sources */,
				0B1397F513136FF80022BB56 /* WordDefinitionViewController.m in Sources */,
				0BD954B813176C0D00286F3C /* DictionarySearchViewController.m in Sources */,
				0BDBC96D131C865800CF55E8 /* MBProgressHUD.m in Sources */,
				0BFC3906132C66BA009BFAC6 /* CDataScanner.m in Sources */,
				0BFC3907132C66BA009BFAC6 /* CDataScanner_Extensions.m in Sources */,
				0BFC3908132C66BA009BFAC6 /* NSCharacterSet_Extensions.m in Sources */,
				0BFC3909132C66BA009BFAC6 /* NSDictionary_JSONExtensions.m in Sources */,
				0BFC390A132C66BA009BFAC6 /* NSScanner_Extensions.m in Sources */,
				0BFC390B132C66BA009BFAC6 /* CJSONDataSerializer.m in Sources */,
				0BFC390C132C66BA009BFAC6 /* CJSONDeserializer.m in Sources */,
				0BFC390D132C66BA009BFAC6 /* CJSONScanner.m in Sources */,
				0BFC390E132C66BA009BFAC6 /* CJSONSerializer.m in Sources */,
				0BFC390F132C66BA009BFAC6 /* CSerializedJSONData.m in Sources */,
				0BFC3913132C6B30009BFAC6 /* AdViewController.m in Sources */,
			);
			runOnlyForDeploymentPostprocessing = 0;
		};
/* End PBXSourcesBuildPhase section */

/* Begin XCBuildConfiguration section */
		1D6058940D05DD3E006BFB54 /* Debug */ = {
			isa = XCBuildConfiguration;
			buildSettings = {
				ALWAYS_SEARCH_USER_PATHS = NO;
				"CODE_SIGN_IDENTITY[sdk=iphoneos*]" = "iPhone Developer";
				COPY_PHASE_STRIP = NO;
				GCC_DYNAMIC_NO_PIC = NO;
				GCC_OPTIMIZATION_LEVEL = 0;
				GCC_PRECOMPILE_PREFIX_HEADER = YES;
				GCC_PREFIX_HEADER = BetterDictionary_Prefix.pch;
				GCC_VERSION = "";
				INFOPLIST_FILE = "BetterDictionary-Info.plist";
				LIBRARY_SEARCH_PATHS = (
					"$(inherited)",
					"\"$(SRCROOT)/External/admob\"",
				);
				PRODUCT_NAME = studydictionary;
				"PROVISIONING_PROFILE[sdk=iphoneos*]" = "";
			};
			name = Debug;
		};
		1D6058950D05DD3E006BFB54 /* Release */ = {
			isa = XCBuildConfiguration;
			buildSettings = {
				ALWAYS_SEARCH_USER_PATHS = NO;
				CODE_SIGN_IDENTITY = "";
				"CODE_SIGN_IDENTITY[sdk=iphoneos*]" = "iPhone Distribution: James Weinert";
				COPY_PHASE_STRIP = YES;
				GCC_PRECOMPILE_PREFIX_HEADER = YES;
				GCC_PREFIX_HEADER = BetterDictionary_Prefix.pch;
				GCC_VERSION = "";
				INFOPLIST_FILE = "BetterDictionary-Info.plist";
				LIBRARY_SEARCH_PATHS = (
					"$(inherited)",
					"\"$(SRCROOT)/External/admob\"",
				);
				PRODUCT_NAME = studydictionary;
				"PROVISIONING_PROFILE[sdk=iphoneos*]" = "36AB78F2-3FD2-4B41-AF31-70EAAFBD0240";
				VALIDATE_PRODUCT = YES;
			};
			name = Release;
		};
		C01FCF4F08A954540054247B /* Debug */ = {
			isa = XCBuildConfiguration;
			buildSettings = {
				ARCHS = "$(ARCHS_STANDARD_32_BIT)";
				"CODE_SIGN_IDENTITY[sdk=iphoneos*]" = "iPhone Developer";
				GCC_C_LANGUAGE_STANDARD = c99;
				GCC_WARN_ABOUT_RETURN_TYPE = YES;
				GCC_WARN_UNUSED_VARIABLE = YES;
				PREBINDING = NO;
				SDKROOT = iphoneos;
			};
			name = Debug;
		};
		C01FCF5008A954540054247B /* Release */ = {
			isa = XCBuildConfiguration;
			buildSettings = {
				ARCHS = "$(ARCHS_STANDARD_32_BIT)";
				"CODE_SIGN_IDENTITY[sdk=iphoneos*]" = "iPhone Distribution: James Weinert";
				GCC_C_LANGUAGE_STANDARD = c99;
				GCC_WARN_ABOUT_RETURN_TYPE = YES;
				GCC_WARN_UNUSED_VARIABLE = YES;
				OTHER_CFLAGS = "-DNS_BLOCK_ASSERTIONS=1";
				PREBINDING = NO;
				"PROVISIONING_PROFILE[sdk=iphoneos*]" = "36AB78F2-3FD2-4B41-AF31-70EAAFBD0240";
				SDKROOT = iphoneos;
			};
			name = Release;
		};
/* End XCBuildConfiguration section */

/* Begin XCConfigurationList section */
		1D6058960D05DD3E006BFB54 /* Build configuration list for PBXNativeTarget "BetterDictionary" */ = {
			isa = XCConfigurationList;
			buildConfigurations = (
				1D6058940D05DD3E006BFB54 /* Debug */,
				1D6058950D05DD3E006BFB54 /* Release */,
			);
			defaultConfigurationIsVisible = 0;
			defaultConfigurationName = Release;
		};
		C01FCF4E08A954540054247B /* Build configuration list for PBXProject "BetterDictionary" */ = {
			isa = XCConfigurationList;
			buildConfigurations = (
				C01FCF4F08A954540054247B /* Debug */,
				C01FCF5008A954540054247B /* Release */,
			);
			defaultConfigurationIsVisible = 0;
			defaultConfigurationName = Release;
		};
/* End XCConfigurationList section */

/* Begin XCVersionGroup section */
		2819305F112F816700ECF9B4 /* BetterDictionary.xcdatamodeld */ = {
			isa = XCVersionGroup;
			children = (
				28C3AD890F43EF2300507BA6 /* BetterDictionary.xcdatamodel */,
			);
			currentVersion = 28C3AD890F43EF2300507BA6 /* BetterDictionary.xcdatamodel */;
			path = BetterDictionary.xcdatamodeld;
			sourceTree = "<group>";
			versionGroupType = wrapper.xcdatamodel;
		};
/* End XCVersionGroup section */
	};
	rootObject = 29B97313FDCFA39411CA2CEA /* Project object */;
}
